
Microsoft Visual Studio Solution File, Format Version 12.00
# Visual Studio Version 17
Project("{8BC9CEB8-8B4A-11D0-8D11-00A0C91BC942}") = "ALL_BUILD", "ALL_BUILD.vcxproj", "{A331D28C-1B71-3E36-8637-65EDFCF95788}"
	ProjectSection(ProjectDependencies) = postProject
		{3157ABE4-62F0-34A4-8F7B-DDA9DA33BC50} = {3157ABE4-62F0-34A4-8F7B-DDA9DA33BC50}
		{845C65E3-C7D1-35DF-89EA-C7ED2BD204EF} = {845C65E3-C7D1-35DF-89EA-C7ED2BD204EF}
		{4BDFB0DB-AEF5-3633-AA8A-41DD69C469EC} = {4BDFB0DB-AEF5-3633-AA8A-41DD69C469EC}
		{8221D3BD-BD69-3EC0-8341-8BF6859F4382} = {8221D3BD-BD69-3EC0-8341-8BF6859F4382}
		{15918606-3D2D-371A-879B-AFF40227E250} = {15918606-3D2D-371A-879B-AFF40227E250}
		{159E5BB3-41FD-346D-A11B-EF86D83B4EC7} = {159E5BB3-41FD-346D-A11B-EF86D83B4EC7}
	EndProjectSection
EndProject
Project("{8BC9CEB8-8B4A-11D0-8D11-00A0C91BC942}") = "RUN_TESTS", "RUN_TESTS.vcxproj", "{E432DAB9-36DE-32FD-A69A-2AF7463187E8}"
	ProjectSection(ProjectDependencies) = postProject
		{3157ABE4-62F0-34A4-8F7B-DDA9DA33BC50} = {3157ABE4-62F0-34A4-8F7B-DDA9DA33BC50}
	EndProjectSection
EndProject
Project("{8BC9CEB8-8B4A-11D0-8D11-00A0C91BC942}") = "ZERO_CHECK", "ZERO_CHECK.vcxproj", "{3157ABE4-62F0-34A4-8F7B-DDA9DA33BC50}"
	ProjectSection(ProjectDependencies) = postProject
	EndProjectSection
EndProject
Project("{8BC9CEB8-8B4A-11D0-8D11-00A0C91BC942}") = "closure_core", "closure_core.vcxproj", "{845C65E3-C7D1-35DF-89EA-C7ED2BD204EF}"
	ProjectSection(ProjectDependencies) = postProject
		{3157ABE4-62F0-34A4-8F7B-DDA9DA33BC50} = {3157ABE4-62F0-34A4-8F7B-DDA9DA33BC50}
	EndProjectSection
EndProject
Project("{8BC9CEB8-8B4A-11D0-8D11-00A0C91BC942}") = "gambit", "gambit.vcxproj", "{4BDFB0DB-AEF5-3633-AA8A-41DD69C469EC}"
	ProjectSection(ProjectDependencies) = postProject
		{3157ABE4-62F0-34A4-8F7B-DDA9DA33BC50} = {3157ABE4-62F0-34A4-8F7B-DDA9DA33BC50}
		{845C65E3-C7D1-35DF-89EA-C7ED2BD204EF} = {845C65E3-C7D1-35DF-89EA-C7ED2BD204EF}
	EndProjectSection
EndProject
Project("{8BC9CEB8-8B4A-11D0-8D11-00A0C91BC942}") = "gambit_cuda", "gambit_cuda.vcxproj", "{8221D3BD-BD69-3EC0-8341-8BF6859F4382}"
	ProjectSection(ProjectDependencies) = postProject
		{3157ABE4-62F0-34A4-8F7B-DDA9DA33BC50} = {3157ABE4-62F0-34A4-8F7B-DDA9DA33BC50}
		{845C65E3-C7D1-35DF-89EA-C7ED2BD204EF} = {845C65E3-C7D1-35DF-89EA-C7ED2BD204EF}
	EndProjectSection
EndProject
Project("{8BC9CEB8-8B4A-11D0-8D11-00A0C91BC942}") = "gambit_cuda_contract", "gambit_cuda_contract.vcxproj", "{15918606-3D2D-371A-879B-AFF40227E250}"
	ProjectSection(ProjectDependencies) = postProject
		{3157ABE4-62F0-34A4-8F7B-DDA9DA33BC50} = {3157ABE4-62F0-34A4-8F7B-DDA9DA33BC50}
		{845C65E3-C7D1-35DF-89EA-C7ED2BD204EF} = {845C65E3-C7D1-35DF-89EA-C7ED2BD204EF}
	EndProjectSection
EndProject
Project("{8BC9CEB8-8B4A-11D0-8D11-00A0C91BC942}") = "gambit_tests", "gambit_tests.vcxproj", "{159E5BB3-41FD-346D-A11B-EF86D83B4EC7}"
	ProjectSection(ProjectDependencies) = postProject
		{3157ABE4-62F0-34A4-8F7B-DDA9DA33BC50} = {3157ABE4-62F0-34A4-8F7B-DDA9DA33BC50}
		{845C65E3-C7D1-35DF-89EA-C7ED2BD204EF} = {845C65E3-C7D1-35DF-89EA-C7ED2BD204EF}
	EndProjectSection
EndProject
Global
	GlobalSection(SolutionConfigurationPlatforms) = preSolution
		Debug|x64 = Debug|x64
		Release|x64 = Release|x64
		MinSizeRel|x64 = MinSizeRel|x64
		RelWithDebInfo|x64 = RelWithDebInfo|x64
	EndGlobalSection
	GlobalSection(ProjectConfigurationPlatforms) = postSolution
		{A331D28C-1B71-3E36-8637-65EDFCF95788}.Debug|x64.ActiveCfg = Debug|x64
		{A331D28C-1B71-3E36-8637-65EDFCF95788}.Release|x64.ActiveCfg = Release|x64
		{A331D28C-1B71-3E36-8637-65EDFCF95788}.MinSizeRel|x64.ActiveCfg = MinSizeRel|x64
		{A331D28C-1B71-3E36-8637-65EDFCF95788}.RelWithDebInfo|x64.ActiveCfg = RelWithDebInfo|x64
		{E432DAB9-36DE-32FD-A69A-2AF7463187E8}.Debug|x64.ActiveCfg = Debug|x64
		{E432DAB9-36DE-32FD-A69A-2AF7463187E8}.Release|x64.ActiveCfg = Release|x64
		{E432DAB9-36DE-32FD-A69A-2AF7463187E8}.MinSizeRel|x64.ActiveCfg = MinSizeRel|x64
		{E432DAB9-36DE-32FD-A69A-2AF7463187E8}.RelWithDebInfo|x64.ActiveCfg = RelWithDebInfo|x64
		{3157ABE4-62F0-34A4-8F7B-DDA9DA33BC50}.Debug|x64.ActiveCfg = Debug|x64
		{3157ABE4-62F0-34A4-8F7B-DDA9DA33BC50}.Debug|x64.Build.0 = Debug|x64
		{3157ABE4-62F0-34A4-8F7B-DDA9DA33BC50}.Release|x64.ActiveCfg = Release|x64
		{3157ABE4-62F0-34A4-8F7B-DDA9DA33BC50}.Release|x64.Build.0 = Release|x64
		{3157ABE4-62F0-34A4-8F7B-DDA9DA33BC50}.MinSizeRel|x64.ActiveCfg = MinSizeRel|x64
		{3157ABE4-62F0-34A4-8F7B-DDA9DA33BC50}.MinSizeRel|x64.Build.0 = MinSizeRel|x64
		{3157ABE4-62F0-34A4-8F7B-DDA9DA33BC50}.RelWithDebInfo|x64.ActiveCfg = RelWithDebInfo|x64
		{3157ABE4-62F0-34A4-8F7B-DDA9DA33BC50}.RelWithDebInfo|x64.Build.0 = RelWithDebInfo|x64
		{845C65E3-C7D1-35DF-89EA-C7ED2BD204EF}.Debug|x64.ActiveCfg = Debug|x64
		{845C65E3-C7D1-35DF-89EA-C7ED2BD204EF}.Debug|x64.Build.0 = Debug|x64
		{845C65E3-C7D1-35DF-89EA-C7ED2BD204EF}.Release|x64.ActiveCfg = Release|x64
		{845C65E3-C7D1-35DF-89EA-C7ED2BD204EF}.Release|x64.Build.0 = Release|x64
		{845C65E3-C7D1-35DF-89EA-C7ED2BD204EF}.MinSizeRel|x64.ActiveCfg = MinSizeRel|x64
		{845C65E3-C7D1-35DF-89EA-C7ED2BD204EF}.MinSizeRel|x64.Build.0 = MinSizeRel|x64
		{845C65E3-C7D1-35DF-89EA-C7ED2BD204EF}.RelWithDebInfo|x64.ActiveCfg = RelWithDebInfo|x64
		{845C65E3-C7D1-35DF-89EA-C7ED2BD204EF}.RelWithDebInfo|x64.Build.0 = RelWithDebInfo|x64
		{4BDFB0DB-AEF5-3633-AA8A-41DD69C469EC}.Debug|x64.ActiveCfg = Debug|x64
		{4BDFB0DB-AEF5-3633-AA8A-41DD69C469EC}.Debug|x64.Build.0 = Debug|x64
		{4BDFB0DB-AEF5-3633-AA8A-41DD69C469EC}.Release|x64.ActiveCfg = Release|x64
		{4BDFB0DB-AEF5-3633-AA8A-41DD69C469EC}.Release|x64.Build.0 = Release|x64
		{4BDFB0DB-AEF5-3633-AA8A-41DD69C469EC}.MinSizeRel|x64.ActiveCfg = MinSizeRel|x64
		{4BDFB0DB-AEF5-3633-AA8A-41DD69C469EC}.MinSizeRel|x64.Build.0 = MinSizeRel|x64
		{4BDFB0DB-AEF5-3633-AA8A-41DD69C469EC}.RelWithDebInfo|x64.ActiveCfg = RelWithDebInfo|x64
		{4BDFB0DB-AEF5-3633-AA8A-41DD69C469EC}.RelWithDebInfo|x64.Build.0 = RelWithDebInfo|x64
		{8221D3BD-BD69-3EC0-8341-8BF6859F4382}.Debug|x64.ActiveCfg = Debug|x64
		{8221D3BD-BD69-3EC0-8341-8BF6859F4382}.Debug|x64.Build.0 = Debug|x64
		{8221D3BD-BD69-3EC0-8341-8BF6859F4382}.Release|x64.ActiveCfg = Release|x64
		{8221D3BD-BD69-3EC0-8341-8BF6859F4382}.Release|x64.Build.0 = Release|x64
		{8221D3BD-BD69-3EC0-8341-8BF6859F4382}.MinSizeRel|x64.ActiveCfg = MinSizeRel|x64
		{8221D3BD-BD69-3EC0-8341-8BF6859F4382}.MinSizeRel|x64.Build.0 = MinSizeRel|x64
		{8221D3BD-BD69-3EC0-8341-8BF6859F4382}.RelWithDebInfo|x64.ActiveCfg = RelWithDebInfo|x64
		{8221D3BD-BD69-3EC0-8341-8BF6859F4382}.RelWithDebInfo|x64.Build.0 = RelWithDebInfo|x64
		{15918606-3D2D-371A-879B-AFF40227E250}.Debug|x64.ActiveCfg = Debug|x64
		{15918606-3D2D-371A-879B-AFF40227E250}.Debug|x64.Build.0 = Debug|x64
		{15918606-3D2D-371A-879B-AFF40227E250}.Release|x64.ActiveCfg = Release|x64
		{15918606-3D2D-371A-879B-AFF40227E250}.Release|x64.Build.0 = Release|x64
		{15918606-3D2D-371A-879B-AFF40227E250}.MinSizeRel|x64.ActiveCfg = MinSizeRel|x64
		{15918606-3D2D-371A-879B-AFF40227E250}.MinSizeRel|x64.Build.0 = MinSizeRel|x64
		{15918606-3D2D-371A-879B-AFF40227E250}.RelWithDebInfo|x64.ActiveCfg = RelWithDebInfo|x64
		{15918606-3D2D-371A-879B-AFF40227E250}.RelWithDebInfo|x64.Build.0 = RelWithDebInfo|x64
		{159E5BB3-41FD-346D-A11B-EF86D83B4EC7}.Debug|x64.ActiveCfg = Debug|x64
		{159E5BB3-41FD-346D-A11B-EF86D83B4EC7}.Debug|x64.Build.0 = Debug|x64
		{159E5BB3-41FD-346D-A11B-EF86D83B4EC7}.Release|x64.ActiveCfg = Release|x64
		{159E5BB3-41FD-346D-A11B-EF86D83B4EC7}.Release|x64.Build.0 = Release|x64
		{159E5BB3-41FD-346D-A11B-EF86D83B4EC7}.MinSizeRel|x64.ActiveCfg = MinSizeRel|x64
		{159E5BB3-41FD-346D-A11B-EF86D83B4EC7}.MinSizeRel|x64.Build.0 = MinSizeRel|x64
		{159E5BB3-41FD-346D-A11B-EF86D83B4EC7}.RelWithDebInfo|x64.ActiveCfg = RelWithDebInfo|x64
		{159E5BB3-41FD-346D-A11B-EF86D83B4EC7}.RelWithDebInfo|x64.Build.0 = RelWithDebInfo|x64
	EndGlobalSection
	GlobalSection(ExtensibilityGlobals) = postSolution
		SolutionGuid = {6EFF017B-C23C-3F76-8C05-CB52C1B98982}
	EndGlobalSection
	GlobalSection(ExtensibilityAddIns) = postSolution
	EndGlobalSection
EndGlobal
