
Microsoft Visual Studio Solution File, Format Version 12.00
# Visual Studio Version 17
Project("{8BC9CEB8-8B4A-11D0-8D11-00A0C91BC942}") = "ALL_BUILD", "ALL_BUILD.vcxproj", "{44D132E3-854C-3493-892D-098212F18A8D}"
	ProjectSection(ProjectDependencies) = postProject
		{394442D4-E8C3-3D3C-A627-3F5FE5333EAD} = {394442D4-E8C3-3D3C-A627-3F5FE5333EAD}
		{912BD85D-BF18-39C9-90E0-842704EBA78F} = {912BD85D-BF18-39C9-90E0-842704EBA78F}
		{F06C11C0-74F7-32D5-897D-B40037793B6E} = {F06C11C0-74F7-32D5-897D-B40037793B6E}
		{84225CA4-A7FA-3377-8ABD-1A3E17DC72BC} = {84225CA4-A7FA-3377-8ABD-1A3E17DC72BC}
		{9CD90173-D49C-391C-9396-13148909253F} = {9CD90173-D49C-391C-9396-13148909253F}
	EndProjectSection
EndProject
Project("{8BC9CEB8-8B4A-11D0-8D11-00A0C91BC942}") = "RUN_TESTS", "RUN_TESTS.vcxproj", "{589B69E9-6DFE-33A1-B32F-4914D6739216}"
	ProjectSection(ProjectDependencies) = postProject
		{394442D4-E8C3-3D3C-A627-3F5FE5333EAD} = {394442D4-E8C3-3D3C-A627-3F5FE5333EAD}
	EndProjectSection
EndProject
Project("{8BC9CEB8-8B4A-11D0-8D11-00A0C91BC942}") = "ZERO_CHECK", "ZERO_CHECK.vcxproj", "{394442D4-E8C3-3D3C-A627-3F5FE5333EAD}"
	ProjectSection(ProjectDependencies) = postProject
	EndProjectSection
EndProject
Project("{8BC9CEB8-8B4A-11D0-8D11-00A0C91BC942}") = "closure_core", "closure_core.vcxproj", "{912BD85D-BF18-39C9-90E0-842704EBA78F}"
	ProjectSection(ProjectDependencies) = postProject
		{394442D4-E8C3-3D3C-A627-3F5FE5333EAD} = {394442D4-E8C3-3D3C-A627-3F5FE5333EAD}
	EndProjectSection
EndProject
Project("{8BC9CEB8-8B4A-11D0-8D11-00A0C91BC942}") = "gambit", "gambit.vcxproj", "{F06C11C0-74F7-32D5-897D-B40037793B6E}"
	ProjectSection(ProjectDependencies) = postProject
		{394442D4-E8C3-3D3C-A627-3F5FE5333EAD} = {394442D4-E8C3-3D3C-A627-3F5FE5333EAD}
		{912BD85D-BF18-39C9-90E0-842704EBA78F} = {912BD85D-BF18-39C9-90E0-842704EBA78F}
	EndProjectSection
EndProject
Project("{8BC9CEB8-8B4A-11D0-8D11-00A0C91BC942}") = "gambit_cuda", "gambit_cuda.vcxproj", "{84225CA4-A7FA-3377-8ABD-1A3E17DC72BC}"
	ProjectSection(ProjectDependencies) = postProject
		{394442D4-E8C3-3D3C-A627-3F5FE5333EAD} = {394442D4-E8C3-3D3C-A627-3F5FE5333EAD}
		{912BD85D-BF18-39C9-90E0-842704EBA78F} = {912BD85D-BF18-39C9-90E0-842704EBA78F}
	EndProjectSection
EndProject
Project("{8BC9CEB8-8B4A-11D0-8D11-00A0C91BC942}") = "gambit_tests", "gambit_tests.vcxproj", "{9CD90173-D49C-391C-9396-13148909253F}"
	ProjectSection(ProjectDependencies) = postProject
		{394442D4-E8C3-3D3C-A627-3F5FE5333EAD} = {394442D4-E8C3-3D3C-A627-3F5FE5333EAD}
		{912BD85D-BF18-39C9-90E0-842704EBA78F} = {912BD85D-BF18-39C9-90E0-842704EBA78F}
	EndProjectSection
EndProject
Global
	GlobalSection(SolutionConfigurationPlatforms) = preSolution
		Debug|x64 = Debug|x64
		Release|x64 = Release|x64
		MinSizeRel|x64 = MinSizeRel|x64
		RelWithDebInfo|x64 = RelWithDebInfo|x64
	EndGlobalSection
	GlobalSection(ProjectConfigurationPlatforms) = postSolution
		{44D132E3-854C-3493-892D-098212F18A8D}.Debug|x64.ActiveCfg = Debug|x64
		{44D132E3-854C-3493-892D-098212F18A8D}.Release|x64.ActiveCfg = Release|x64
		{44D132E3-854C-3493-892D-098212F18A8D}.MinSizeRel|x64.ActiveCfg = MinSizeRel|x64
		{44D132E3-854C-3493-892D-098212F18A8D}.RelWithDebInfo|x64.ActiveCfg = RelWithDebInfo|x64
		{589B69E9-6DFE-33A1-B32F-4914D6739216}.Debug|x64.ActiveCfg = Debug|x64
		{589B69E9-6DFE-33A1-B32F-4914D6739216}.Release|x64.ActiveCfg = Release|x64
		{589B69E9-6DFE-33A1-B32F-4914D6739216}.MinSizeRel|x64.ActiveCfg = MinSizeRel|x64
		{589B69E9-6DFE-33A1-B32F-4914D6739216}.RelWithDebInfo|x64.ActiveCfg = RelWithDebInfo|x64
		{394442D4-E8C3-3D3C-A627-3F5FE5333EAD}.Debug|x64.ActiveCfg = Debug|x64
		{394442D4-E8C3-3D3C-A627-3F5FE5333EAD}.Debug|x64.Build.0 = Debug|x64
		{394442D4-E8C3-3D3C-A627-3F5FE5333EAD}.Release|x64.ActiveCfg = Release|x64
		{394442D4-E8C3-3D3C-A627-3F5FE5333EAD}.Release|x64.Build.0 = Release|x64
		{394442D4-E8C3-3D3C-A627-3F5FE5333EAD}.MinSizeRel|x64.ActiveCfg = MinSizeRel|x64
		{394442D4-E8C3-3D3C-A627-3F5FE5333EAD}.MinSizeRel|x64.Build.0 = MinSizeRel|x64
		{394442D4-E8C3-3D3C-A627-3F5FE5333EAD}.RelWithDebInfo|x64.ActiveCfg = RelWithDebInfo|x64
		{394442D4-E8C3-3D3C-A627-3F5FE5333EAD}.RelWithDebInfo|x64.Build.0 = RelWithDebInfo|x64
		{912BD85D-BF18-39C9-90E0-842704EBA78F}.Debug|x64.ActiveCfg = Debug|x64
		{912BD85D-BF18-39C9-90E0-842704EBA78F}.Debug|x64.Build.0 = Debug|x64
		{912BD85D-BF18-39C9-90E0-842704EBA78F}.Release|x64.ActiveCfg = Release|x64
		{912BD85D-BF18-39C9-90E0-842704EBA78F}.Release|x64.Build.0 = Release|x64
		{912BD85D-BF18-39C9-90E0-842704EBA78F}.MinSizeRel|x64.ActiveCfg = MinSizeRel|x64
		{912BD85D-BF18-39C9-90E0-842704EBA78F}.MinSizeRel|x64.Build.0 = MinSizeRel|x64
		{912BD85D-BF18-39C9-90E0-842704EBA78F}.RelWithDebInfo|x64.ActiveCfg = RelWithDebInfo|x64
		{912BD85D-BF18-39C9-90E0-842704EBA78F}.RelWithDebInfo|x64.Build.0 = RelWithDebInfo|x64
		{F06C11C0-74F7-32D5-897D-B40037793B6E}.Debug|x64.ActiveCfg = Debug|x64
		{F06C11C0-74F7-32D5-897D-B40037793B6E}.Debug|x64.Build.0 = Debug|x64
		{F06C11C0-74F7-32D5-897D-B40037793B6E}.Release|x64.ActiveCfg = Release|x64
		{F06C11C0-74F7-32D5-897D-B40037793B6E}.Release|x64.Build.0 = Release|x64
		{F06C11C0-74F7-32D5-897D-B40037793B6E}.MinSizeRel|x64.ActiveCfg = MinSizeRel|x64
		{F06C11C0-74F7-32D5-897D-B40037793B6E}.MinSizeRel|x64.Build.0 = MinSizeRel|x64
		{F06C11C0-74F7-32D5-897D-B40037793B6E}.RelWithDebInfo|x64.ActiveCfg = RelWithDebInfo|x64
		{F06C11C0-74F7-32D5-897D-B40037793B6E}.RelWithDebInfo|x64.Build.0 = RelWithDebInfo|x64
		{84225CA4-A7FA-3377-8ABD-1A3E17DC72BC}.Debug|x64.ActiveCfg = Debug|x64
		{84225CA4-A7FA-3377-8ABD-1A3E17DC72BC}.Debug|x64.Build.0 = Debug|x64
		{84225CA4-A7FA-3377-8ABD-1A3E17DC72BC}.Release|x64.ActiveCfg = Release|x64
		{84225CA4-A7FA-3377-8ABD-1A3E17DC72BC}.Release|x64.Build.0 = Release|x64
		{84225CA4-A7FA-3377-8ABD-1A3E17DC72BC}.MinSizeRel|x64.ActiveCfg = MinSizeRel|x64
		{84225CA4-A7FA-3377-8ABD-1A3E17DC72BC}.MinSizeRel|x64.Build.0 = MinSizeRel|x64
		{84225CA4-A7FA-3377-8ABD-1A3E17DC72BC}.RelWithDebInfo|x64.ActiveCfg = RelWithDebInfo|x64
		{84225CA4-A7FA-3377-8ABD-1A3E17DC72BC}.RelWithDebInfo|x64.Build.0 = RelWithDebInfo|x64
		{9CD90173-D49C-391C-9396-13148909253F}.Debug|x64.ActiveCfg = Debug|x64
		{9CD90173-D49C-391C-9396-13148909253F}.Debug|x64.Build.0 = Debug|x64
		{9CD90173-D49C-391C-9396-13148909253F}.Release|x64.ActiveCfg = Release|x64
		{9CD90173-D49C-391C-9396-13148909253F}.Release|x64.Build.0 = Release|x64
		{9CD90173-D49C-391C-9396-13148909253F}.MinSizeRel|x64.ActiveCfg = MinSizeRel|x64
		{9CD90173-D49C-391C-9396-13148909253F}.MinSizeRel|x64.Build.0 = MinSizeRel|x64
		{9CD90173-D49C-391C-9396-13148909253F}.RelWithDebInfo|x64.ActiveCfg = RelWithDebInfo|x64
		{9CD90173-D49C-391C-9396-13148909253F}.RelWithDebInfo|x64.Build.0 = RelWithDebInfo|x64
	EndGlobalSection
	GlobalSection(ExtensibilityGlobals) = postSolution
		SolutionGuid = {F62BE295-1925-3A5A-8D94-8BBCC3A0D52B}
	EndGlobalSection
	GlobalSection(ExtensibilityAddIns) = postSolution
	EndGlobalSection
EndGlobal
